
Microsoft Visual Studio Solution File, Format Version 12.00
# Visual Studio 15
VisualStudioVersion = 15.0.27130.2036
MinimumVisualStudioVersion = 10.0.40219.1
Project("{FAE04EC0-301F-11D3-BF4B-00C04F79EFBC}") = "ConsExtensionMethods", "ConsExtensionMethods\ConsExtensionMethods.csproj", "{5457C171-4204-4473-A3E5-25A0ED9D2B94}"
EndProject
Global
	GlobalSection(SolutionConfigurationPlatforms) = preSolution
		Debug|Any CPU = Debug|Any CPU
		Release|Any CPU = Release|Any CPU
	EndGlobalSection
	GlobalSection(ProjectConfigurationPlatforms) = postSolution
		{5457C171-4204-4473-A3E5-25A0ED9D2B94}.Debug|Any CPU.ActiveCfg = Debug|Any CPU
		{5457C171-4204-4473-A3E5-25A0ED9D2B94}.Debug|Any CPU.Build.0 = Debug|Any CPU
		{5457C171-4204-4473-A3E5-25A0ED9D2B94}.Release|Any CPU.ActiveCfg = Release|Any CPU
		{5457C171-4204-4473-A3E5-25A0ED9D2B94}.Release|Any CPU.Build.0 = Release|Any CPU
	EndGlobalSection
	GlobalSection(SolutionProperties) = preSolution
		HideSolutionNode = FALSE
	EndGlobalSection
	GlobalSection(ExtensibilityGlobals) = postSolution
		SolutionGuid = {ECFBD7AC-84A7-42A5-89C4-4A82B51A4DBB}
	EndGlobalSection
EndGlobal
